{
  "name": "@abaplint/morph2",
  "version": "0.0.0",
  "lockfileVersion": 3,
  "requires": true,
  "packages": {
    "": {
      "name": "@abaplint/morph2",
      "version": "0.0.0",
      "dependencies": {
        "@abaplint/cli": "^2.120.71"
      },
      "engines": {
        "node": ">=22"
      }
    },
    "node_modules/@abaplint/cli": {
      "version": "2.120.71",
      "resolved": "https://registry.npmjs.org/@abaplint/cli/-/cli-2.120.71.tgz",
      "integrity": "sha512-FHLQJsUpK5aHVICZfu1mMueOsYo6ekLndqal3bDbDJh56R4N8URErvN7TnkKOJBf3ctiegqAM5TZI7Rbw1rSJA==",
      "license": "MIT",
      "bin": {
        "abaplint": "abaplint"
      },
      "engines": {
        "node": ">=22.0.0"
      },
      "funding": {
        "url": "https://github.com/sponsors/larshp"
      }
    }
  }
}
