{
  "name": "@abaplint/monaco",
  "version": "2.79.9",
  "lockfileVersion": 1,
  "requires": true,
  "dependencies": {
    "@abaplint/core": {
      "version": "2.79.9",
      "resolved": "https://registry.npmjs.org/@abaplint/core/-/core-2.79.9.tgz",
      "integrity": "sha512-+3miiEgaMlBEGPvoXKePOB2sPo5QoxGX77u3msOubwsHB94YsWEw9+e4DBTvSIxID0vvoSZSvGMLVf8ZsMeLlg==",
      "requires": {
        "fast-xml-parser": "^3.20.3",
        "json5": "^2.2.0",
        "vscode-languageserver-protocol": "^3.16.0",
        "vscode-languageserver-types": "^3.16.0"
      }
    },
    "fast-xml-parser": {
      "version": "3.20.3",
      "resolved": "https://registry.npmjs.org/fast-xml-parser/-/fast-xml-parser-3.20.3.tgz",
      "integrity": "sha512-FfHJ/QCpo4K2gquBX7dIAcmShSBG4dMtYJ3ghSiR4w7YqlUujuamrM57C+mKLNWS3mvZzmm2B2Qx8Q6Gfw+lDQ==",
      "requires": {
        "strnum": "^1.0.4"
      }
    },
    "json5": {
      "version": "2.2.0",
      "resolved": "https://registry.npmjs.org/json5/-/json5-2.2.0.tgz",
      "integrity": "sha512-f+8cldu7X/y7RAJurMEJmdoKXGB/X550w2Nr3tTbezL6RwEE/iMcm+tZnXeoZtKuOq6ft8+CqzEkrIgx1fPoQA==",
      "requires": {
        "minimist": "^1.2.5"
      }
    },
    "minimist": {
      "version": "1.2.5",
      "resolved": "https://registry.npmjs.org/minimist/-/minimist-1.2.5.tgz",
      "integrity": "sha512-FM9nNUYrRBAELZQT3xeZQ7fmMOBg6nWNmJKTcgsJeaLstP/UODVpGsr5OhXhhXg6f+qtJ8uiZ+PUxkDWcgIXLw=="
    },
    "monaco-editor-core": {
      "version": "0.28.1",
      "resolved": "https://registry.npmjs.org/monaco-editor-core/-/monaco-editor-core-0.28.1.tgz",
      "integrity": "sha512-ikNy6KXmgKhV66W7xLkdECJLAAzDycUe6rhXbdmUaa6L23X70Y0jOaCj/W9gqAo4wUT3MpRmeKEgujNKKH9p8A==",
      "dev": true
    },
    "strnum": {
      "version": "1.0.4",
      "resolved": "https://registry.npmjs.org/strnum/-/strnum-1.0.4.tgz",
      "integrity": "sha512-lMzNMfDpaQOLt4B2mEbfzYS0+T7dvCXeojnlGf6f1AygvWDMcWyXYaLbyICfjVu29sErR8fnRagQfBW/N/hGgw=="
    },
    "typescript": {
      "version": "4.4.3",
      "resolved": "https://registry.npmjs.org/typescript/-/typescript-4.4.3.tgz",
      "integrity": "sha512-4xfscpisVgqqDfPaJo5vkd+Qd/ItkoagnHpufr+i2QCHBsNYp+G7UAoyFl8aPtx879u38wPV65rZ8qbGZijalA==",
      "dev": true
    },
    "vscode-jsonrpc": {
      "version": "6.0.0",
      "resolved": "https://registry.npmjs.org/vscode-jsonrpc/-/vscode-jsonrpc-6.0.0.tgz",
      "integrity": "sha512-wnJA4BnEjOSyFMvjZdpiOwhSq9uDoK8e/kpRJDTaMYzwlkrhG1fwDIZI94CLsLzlCK5cIbMMtFlJlfR57Lavmg=="
    },
    "vscode-languageserver-protocol": {
      "version": "3.16.0",
      "resolved": "https://registry.npmjs.org/vscode-languageserver-protocol/-/vscode-languageserver-protocol-3.16.0.tgz",
      "integrity": "sha512-sdeUoAawceQdgIfTI+sdcwkiK2KU+2cbEYA0agzM2uqaUy2UpnnGHtWTHVEtS0ES4zHU0eMFRGN+oQgDxlD66A==",
      "requires": {
        "vscode-jsonrpc": "6.0.0",
        "vscode-languageserver-types": "3.16.0"
      }
    },
    "vscode-languageserver-types": {
      "version": "3.16.0",
      "resolved": "https://registry.npmjs.org/vscode-languageserver-types/-/vscode-languageserver-types-3.16.0.tgz",
      "integrity": "sha512-k8luDIWJWyenLc5ToFQQMaSrqCHiLwyKPHKPQZ5zz21vM+vIVUSvsRpcbiECH4WR88K2XZqc4ScRcZ7nk/jbeA=="
    }
  }
}
