{
  "name": "@abaplint/monaco",
  "version": "2.115.18",
  "lockfileVersion": 2,
  "requires": true,
  "packages": {
    "": {
      "name": "@abaplint/monaco",
      "version": "2.115.18",
      "license": "MIT",
      "dependencies": {
        "@abaplint/core": "^2.115.18"
      },
      "devDependencies": {
        "monaco-editor-core": "^0.44.0",
        "typescript": "^5.9.3",
        "vscode-languageserver-types": "^3.17.5"
      },
      "funding": {
        "url": "https://github.com/sponsors/larshp"
      }
    },
    "node_modules/@abaplint/core": {
      "version": "2.115.18",
      "resolved": "https://registry.npmjs.org/@abaplint/core/-/core-2.115.18.tgz",
      "integrity": "sha512-V9DBaGlr7bKMfO9W03T0gevydbBAYSCiXE3ZGkB2jfEsT7Mgh+bDdWtb+0TPVdqOyGtZCGyeVVlZ/EjYUl/nDg==",
      "license": "MIT",
      "dependencies": {
        "fast-xml-parser": "^5.3.3",
        "json5": "^2.2.3",
        "vscode-languageserver-types": "^3.17.5"
      },
      "engines": {
        "node": ">=12.0.0"
      },
      "funding": {
        "url": "https://github.com/sponsors/larshp"
      }
    },
    "node_modules/fast-xml-parser": {
      "version": "5.3.3",
      "resolved": "https://registry.npmjs.org/fast-xml-parser/-/fast-xml-parser-5.3.3.tgz",
      "integrity": "sha512-2O3dkPAAC6JavuMm8+4+pgTk+5hoAs+CjZ+sWcQLkX9+/tHRuTkQh/Oaifr8qDmZ8iEHb771Ea6G8CdwkrgvYA==",
      "funding": [
        {
          "type": "github",
          "url": "https://github.com/sponsors/NaturalIntelligence"
        }
      ],
      "license": "MIT",
      "dependencies": {
        "strnum": "^2.1.0"
      },
      "bin": {
        "fxparser": "src/cli/cli.js"
      }
    },
    "node_modules/json5": {
      "version": "2.2.3",
      "resolved": "https://registry.npmjs.org/json5/-/json5-2.2.3.tgz",
      "integrity": "sha512-XmOWe7eyHYH14cLdVPoyg+GOH3rYX++KpzrylJwSW98t3Nk+U8XOl8FWKOgwtzdb8lXGf6zYwDUzeHMWfxasyg==",
      "bin": {
        "json5": "lib/cli.js"
      },
      "engines": {
        "node": ">=6"
      }
    },
    "node_modules/monaco-editor-core": {
      "version": "0.44.0",
      "resolved": "https://registry.npmjs.org/monaco-editor-core/-/monaco-editor-core-0.44.0.tgz",
      "integrity": "sha512-gPhXfbi0RCnIRXMUzkvjRc8tUiD56lkuw7uRr2dUv00owYthFRlyot2R0ECFuA5F3YKei4OlFjALDahxIC/6Jg==",
      "dev": true
    },
    "node_modules/strnum": {
      "version": "2.1.2",
      "resolved": "https://registry.npmjs.org/strnum/-/strnum-2.1.2.tgz",
      "integrity": "sha512-l63NF9y/cLROq/yqKXSLtcMeeyOfnSQlfMSlzFt/K73oIaD8DGaQWd7Z34X9GPiKqP5rbSh84Hl4bOlLcjiSrQ==",
      "funding": [
        {
          "type": "github",
          "url": "https://github.com/sponsors/NaturalIntelligence"
        }
      ],
      "license": "MIT"
    },
    "node_modules/typescript": {
      "version": "5.9.3",
      "resolved": "https://registry.npmjs.org/typescript/-/typescript-5.9.3.tgz",
      "integrity": "sha512-jl1vZzPDinLr9eUt3J/t7V6FgNEw9QjvBPdysz9KfQDD41fQrC2Y4vKQdiaUpFT4bXlb1RHhLpp8wtm6M5TgSw==",
      "dev": true,
      "license": "Apache-2.0",
      "bin": {
        "tsc": "bin/tsc",
        "tsserver": "bin/tsserver"
      },
      "engines": {
        "node": ">=14.17"
      }
    },
    "node_modules/vscode-languageserver-types": {
      "version": "3.17.5",
      "resolved": "https://registry.npmjs.org/vscode-languageserver-types/-/vscode-languageserver-types-3.17.5.tgz",
      "integrity": "sha512-Ld1VelNuX9pdF39h2Hgaeb5hEZM2Z3jUrrMgWQAu82jMtZp7p3vJT3BzToKtZI7NgQssZje5o0zryOrhQvzQAg=="
    }
  },
  "dependencies": {
    "@abaplint/core": {
      "version": "2.115.18",
      "resolved": "https://registry.npmjs.org/@abaplint/core/-/core-2.115.18.tgz",
      "integrity": "sha512-V9DBaGlr7bKMfO9W03T0gevydbBAYSCiXE3ZGkB2jfEsT7Mgh+bDdWtb+0TPVdqOyGtZCGyeVVlZ/EjYUl/nDg==",
      "requires": {
        "fast-xml-parser": "^5.3.3",
        "json5": "^2.2.3",
        "vscode-languageserver-types": "^3.17.5"
      }
    },
    "fast-xml-parser": {
      "version": "5.3.3",
      "resolved": "https://registry.npmjs.org/fast-xml-parser/-/fast-xml-parser-5.3.3.tgz",
      "integrity": "sha512-2O3dkPAAC6JavuMm8+4+pgTk+5hoAs+CjZ+sWcQLkX9+/tHRuTkQh/Oaifr8qDmZ8iEHb771Ea6G8CdwkrgvYA==",
      "requires": {
        "strnum": "^2.1.0"
      }
    },
    "json5": {
      "version": "2.2.3",
      "resolved": "https://registry.npmjs.org/json5/-/json5-2.2.3.tgz",
      "integrity": "sha512-XmOWe7eyHYH14cLdVPoyg+GOH3rYX++KpzrylJwSW98t3Nk+U8XOl8FWKOgwtzdb8lXGf6zYwDUzeHMWfxasyg=="
    },
    "monaco-editor-core": {
      "version": "0.44.0",
      "resolved": "https://registry.npmjs.org/monaco-editor-core/-/monaco-editor-core-0.44.0.tgz",
      "integrity": "sha512-gPhXfbi0RCnIRXMUzkvjRc8tUiD56lkuw7uRr2dUv00owYthFRlyot2R0ECFuA5F3YKei4OlFjALDahxIC/6Jg==",
      "dev": true
    },
    "strnum": {
      "version": "2.1.2",
      "resolved": "https://registry.npmjs.org/strnum/-/strnum-2.1.2.tgz",
      "integrity": "sha512-l63NF9y/cLROq/yqKXSLtcMeeyOfnSQlfMSlzFt/K73oIaD8DGaQWd7Z34X9GPiKqP5rbSh84Hl4bOlLcjiSrQ=="
    },
    "typescript": {
      "version": "5.9.3",
      "resolved": "https://registry.npmjs.org/typescript/-/typescript-5.9.3.tgz",
      "integrity": "sha512-jl1vZzPDinLr9eUt3J/t7V6FgNEw9QjvBPdysz9KfQDD41fQrC2Y4vKQdiaUpFT4bXlb1RHhLpp8wtm6M5TgSw==",
      "dev": true
    },
    "vscode-languageserver-types": {
      "version": "3.17.5",
      "resolved": "https://registry.npmjs.org/vscode-languageserver-types/-/vscode-languageserver-types-3.17.5.tgz",
      "integrity": "sha512-Ld1VelNuX9pdF39h2Hgaeb5hEZM2Z3jUrrMgWQAu82jMtZp7p3vJT3BzToKtZI7NgQssZje5o0zryOrhQvzQAg=="
    }
  }
}
