{
  "name": "@abaplint/monaco",
  "version": "2.108.0",
  "lockfileVersion": 2,
  "requires": true,
  "packages": {
    "": {
      "name": "@abaplint/monaco",
      "version": "2.108.0",
      "license": "MIT",
      "dependencies": {
        "@abaplint/core": "^2.108.0"
      },
      "devDependencies": {
        "monaco-editor-core": "^0.44.0",
        "typescript": "^5.4.5",
        "vscode-languageserver-types": "^3.17.5"
      },
      "funding": {
        "url": "https://github.com/sponsors/larshp"
      }
    },
    "node_modules/@abaplint/core": {
      "version": "2.108.0",
      "resolved": "https://registry.npmjs.org/@abaplint/core/-/core-2.108.0.tgz",
      "integrity": "sha512-Tl35tCRe1ZI8VPn9VBETf55ImDPvyqhN2QMXLMEUK1LfUid6cIJYqhYxzA4fJX9KDcwjH1urGHg41vO8fAYBDA==",
      "dependencies": {
        "fast-xml-parser": "^4.3.6",
        "json5": "^2.2.3",
        "vscode-languageserver-types": "^3.17.5"
      },
      "engines": {
        "node": ">=12.0.0"
      },
      "funding": {
        "url": "https://github.com/sponsors/larshp"
      }
    },
    "node_modules/fast-xml-parser": {
      "version": "4.3.6",
      "resolved": "https://registry.npmjs.org/fast-xml-parser/-/fast-xml-parser-4.3.6.tgz",
      "integrity": "sha512-M2SovcRxD4+vC493Uc2GZVcZaj66CCJhWurC4viynVSTvrpErCShNcDz1lAho6n9REQKvL/ll4A4/fw6Y9z8nw==",
      "funding": [
        {
          "type": "github",
          "url": "https://github.com/sponsors/NaturalIntelligence"
        },
        {
          "type": "paypal",
          "url": "https://paypal.me/naturalintelligence"
        }
      ],
      "dependencies": {
        "strnum": "^1.0.5"
      },
      "bin": {
        "fxparser": "src/cli/cli.js"
      }
    },
    "node_modules/json5": {
      "version": "2.2.3",
      "resolved": "https://registry.npmjs.org/json5/-/json5-2.2.3.tgz",
      "integrity": "sha512-XmOWe7eyHYH14cLdVPoyg+GOH3rYX++KpzrylJwSW98t3Nk+U8XOl8FWKOgwtzdb8lXGf6zYwDUzeHMWfxasyg==",
      "bin": {
        "json5": "lib/cli.js"
      },
      "engines": {
        "node": ">=6"
      }
    },
    "node_modules/monaco-editor-core": {
      "version": "0.44.0",
      "resolved": "https://registry.npmjs.org/monaco-editor-core/-/monaco-editor-core-0.44.0.tgz",
      "integrity": "sha512-gPhXfbi0RCnIRXMUzkvjRc8tUiD56lkuw7uRr2dUv00owYthFRlyot2R0ECFuA5F3YKei4OlFjALDahxIC/6Jg==",
      "dev": true
    },
    "node_modules/strnum": {
      "version": "1.0.5",
      "resolved": "https://registry.npmjs.org/strnum/-/strnum-1.0.5.tgz",
      "integrity": "sha512-J8bbNyKKXl5qYcR36TIO8W3mVGVHrmmxsd5PAItGkmyzwJvybiw2IVq5nqd0i4LSNSkB/sx9VHllbfFdr9k1JA=="
    },
    "node_modules/typescript": {
      "version": "5.4.5",
      "resolved": "https://registry.npmjs.org/typescript/-/typescript-5.4.5.tgz",
      "integrity": "sha512-vcI4UpRgg81oIRUFwR0WSIHKt11nJ7SAVlYNIu+QpqeyXP+gpQJy/Z4+F0aGxSE4MqwjyXvW/TzgkLAx2AGHwQ==",
      "dev": true,
      "bin": {
        "tsc": "bin/tsc",
        "tsserver": "bin/tsserver"
      },
      "engines": {
        "node": ">=14.17"
      }
    },
    "node_modules/vscode-languageserver-types": {
      "version": "3.17.5",
      "resolved": "https://registry.npmjs.org/vscode-languageserver-types/-/vscode-languageserver-types-3.17.5.tgz",
      "integrity": "sha512-Ld1VelNuX9pdF39h2Hgaeb5hEZM2Z3jUrrMgWQAu82jMtZp7p3vJT3BzToKtZI7NgQssZje5o0zryOrhQvzQAg=="
    }
  },
  "dependencies": {
    "@abaplint/core": {
      "version": "2.108.0",
      "resolved": "https://registry.npmjs.org/@abaplint/core/-/core-2.108.0.tgz",
      "integrity": "sha512-Tl35tCRe1ZI8VPn9VBETf55ImDPvyqhN2QMXLMEUK1LfUid6cIJYqhYxzA4fJX9KDcwjH1urGHg41vO8fAYBDA==",
      "requires": {
        "fast-xml-parser": "^4.3.6",
        "json5": "^2.2.3",
        "vscode-languageserver-types": "^3.17.5"
      }
    },
    "fast-xml-parser": {
      "version": "4.3.6",
      "resolved": "https://registry.npmjs.org/fast-xml-parser/-/fast-xml-parser-4.3.6.tgz",
      "integrity": "sha512-M2SovcRxD4+vC493Uc2GZVcZaj66CCJhWurC4viynVSTvrpErCShNcDz1lAho6n9REQKvL/ll4A4/fw6Y9z8nw==",
      "requires": {
        "strnum": "^1.0.5"
      }
    },
    "json5": {
      "version": "2.2.3",
      "resolved": "https://registry.npmjs.org/json5/-/json5-2.2.3.tgz",
      "integrity": "sha512-XmOWe7eyHYH14cLdVPoyg+GOH3rYX++KpzrylJwSW98t3Nk+U8XOl8FWKOgwtzdb8lXGf6zYwDUzeHMWfxasyg=="
    },
    "monaco-editor-core": {
      "version": "0.44.0",
      "resolved": "https://registry.npmjs.org/monaco-editor-core/-/monaco-editor-core-0.44.0.tgz",
      "integrity": "sha512-gPhXfbi0RCnIRXMUzkvjRc8tUiD56lkuw7uRr2dUv00owYthFRlyot2R0ECFuA5F3YKei4OlFjALDahxIC/6Jg==",
      "dev": true
    },
    "strnum": {
      "version": "1.0.5",
      "resolved": "https://registry.npmjs.org/strnum/-/strnum-1.0.5.tgz",
      "integrity": "sha512-J8bbNyKKXl5qYcR36TIO8W3mVGVHrmmxsd5PAItGkmyzwJvybiw2IVq5nqd0i4LSNSkB/sx9VHllbfFdr9k1JA=="
    },
    "typescript": {
      "version": "5.4.5",
      "resolved": "https://registry.npmjs.org/typescript/-/typescript-5.4.5.tgz",
      "integrity": "sha512-vcI4UpRgg81oIRUFwR0WSIHKt11nJ7SAVlYNIu+QpqeyXP+gpQJy/Z4+F0aGxSE4MqwjyXvW/TzgkLAx2AGHwQ==",
      "dev": true
    },
    "vscode-languageserver-types": {
      "version": "3.17.5",
      "resolved": "https://registry.npmjs.org/vscode-languageserver-types/-/vscode-languageserver-types-3.17.5.tgz",
      "integrity": "sha512-Ld1VelNuX9pdF39h2Hgaeb5hEZM2Z3jUrrMgWQAu82jMtZp7p3vJT3BzToKtZI7NgQssZje5o0zryOrhQvzQAg=="
    }
  }
}
